
Microsoft Visual Studio Solution File, Format Version 12.00
# Visual Studio Version 17
VisualStudioVersion = 17.4.33213.308
MinimumVisualStudioVersion = 10.0.40219.1
Project("{FAE04EC0-301F-11D3-BF4B-00C04F79EFBC}") = "NewTracker", "NewTracker\NewTracker.csproj", "{8A852197-F1AD-4432-855B-05F630419F2F}"
EndProject
Global
	GlobalSection(SolutionConfigurationPlatforms) = preSolution
		Debug|Any CPU = Debug|Any CPU
		Release|Any CPU = Release|Any CPU
	EndGlobalSection
	GlobalSection(ProjectConfigurationPlatforms) = postSolution
		{8A852197-F1AD-4432-855B-05F630419F2F}.Debug|Any CPU.ActiveCfg = Debug|Any CPU
		{8A852197-F1AD-4432-855B-05F630419F2F}.Debug|Any CPU.Build.0 = Debug|Any CPU
		{8A852197-F1AD-4432-855B-05F630419F2F}.Release|Any CPU.ActiveCfg = Release|Any CPU
		{8A852197-F1AD-4432-855B-05F630419F2F}.Release|Any CPU.Build.0 = Release|Any CPU
	EndGlobalSection
	GlobalSection(SolutionProperties) = preSolution
		HideSolutionNode = FALSE
	EndGlobalSection
	GlobalSection(ExtensibilityGlobals) = postSolution
		SolutionGuid = {6F7568B8-F44F-44B6-9B3C-D3C581BDCF93}
	EndGlobalSection
EndGlobal
